
Microsoft Visual Studio Solution File, Format Version 12.00
# Visual Studio Version 17
VisualStudioVersion = 17.11.35327.3
MinimumVisualStudioVersion = 10.0.40219.1
Project("{9A19103F-16F7-4668-BE54-9A1E7A4F7556}") = "VodafoneTask", "VodafoneTask\VodafoneTask.csproj", "{1B772831-C67E-43DF-B71E-AFD479A28502}"
EndProject
Project("{FAE04EC0-301F-11D3-BF4B-00C04F79EFBC}") = "Domain", "Domain\Domain.csproj", "{1363DF9A-B179-4314-8111-C7DEDE1FC345}"
EndProject
Project("{FAE04EC0-301F-11D3-BF4B-00C04F79EFBC}") = "Infrastructure", "Infrastructure\Infrastructure.csproj", "{AF1B4D0E-9E54-4FF9-BACA-1C44D5584601}"
EndProject
Project("{FAE04EC0-301F-11D3-BF4B-00C04F79EFBC}") = "Services", "Services\Services.csproj", "{BE4CC352-CF4B-4316-BE72-0A4066D326F5}"
EndProject
Global
	GlobalSection(SolutionConfigurationPlatforms) = preSolution
		Debug|Any CPU = Debug|Any CPU
		Release|Any CPU = Release|Any CPU
	EndGlobalSection
	GlobalSection(ProjectConfigurationPlatforms) = postSolution
		{1B772831-C67E-43DF-B71E-AFD479A28502}.Debug|Any CPU.ActiveCfg = Debug|Any CPU
		{1B772831-C67E-43DF-B71E-AFD479A28502}.Debug|Any CPU.Build.0 = Debug|Any CPU
		{1B772831-C67E-43DF-B71E-AFD479A28502}.Release|Any CPU.ActiveCfg = Release|Any CPU
		{1B772831-C67E-43DF-B71E-AFD479A28502}.Release|Any CPU.Build.0 = Release|Any CPU
		{1363DF9A-B179-4314-8111-C7DEDE1FC345}.Debug|Any CPU.ActiveCfg = Debug|Any CPU
		{1363DF9A-B179-4314-8111-C7DEDE1FC345}.Debug|Any CPU.Build.0 = Debug|Any CPU
		{1363DF9A-B179-4314-8111-C7DEDE1FC345}.Release|Any CPU.ActiveCfg = Release|Any CPU
		{1363DF9A-B179-4314-8111-C7DEDE1FC345}.Release|Any CPU.Build.0 = Release|Any CPU
		{AF1B4D0E-9E54-4FF9-BACA-1C44D5584601}.Debug|Any CPU.ActiveCfg = Debug|Any CPU
		{AF1B4D0E-9E54-4FF9-BACA-1C44D5584601}.Debug|Any CPU.Build.0 = Debug|Any CPU
		{AF1B4D0E-9E54-4FF9-BACA-1C44D5584601}.Release|Any CPU.ActiveCfg = Release|Any CPU
		{AF1B4D0E-9E54-4FF9-BACA-1C44D5584601}.Release|Any CPU.Build.0 = Release|Any CPU
		{BE4CC352-CF4B-4316-BE72-0A4066D326F5}.Debug|Any CPU.ActiveCfg = Debug|Any CPU
		{BE4CC352-CF4B-4316-BE72-0A4066D326F5}.Debug|Any CPU.Build.0 = Debug|Any CPU
		{BE4CC352-CF4B-4316-BE72-0A4066D326F5}.Release|Any CPU.ActiveCfg = Release|Any CPU
		{BE4CC352-CF4B-4316-BE72-0A4066D326F5}.Release|Any CPU.Build.0 = Release|Any CPU
	EndGlobalSection
	GlobalSection(SolutionProperties) = preSolution
		HideSolutionNode = FALSE
	EndGlobalSection
	GlobalSection(ExtensibilityGlobals) = postSolution
		SolutionGuid = {D50225A7-9127-4C88-8DFF-CC9CFA12A9BC}
	EndGlobalSection
EndGlobal
